PODS:
  - AFNetworking (2.1.0):
    - AFNetworking/NSURLConnection
    - AFNetworking/NSURLSession
    - AFNetworking/Reachability
    - AFNetworking/Security
    - AFNetworking/Serialization
    - AFNetworking/UIKit
  - AFNetworking/NSURLConnection (2.1.0):
    - AFNetworking/Reachability
    - AFNetworking/Security
    - AFNetworking/Serialization
  - AFNetworking/NSURLSession (2.1.0):
    - AFNetworking/NSURLConnection
  - AFNetworking/Reachability (2.1.0)
  - AFNetworking/Security (2.1.0)
  - AFNetworking/Serialization (2.1.0)
  - AFNetworking/UIKit (2.1.0):
    - AFNetworking/NSURLConnection
  - CTAssetsPickerController (1.5.2)
  - LDProgressView (1.1)
  - MagicalRecord (2.2):
    - MagicalRecord/Core
  - MagicalRecord/Core (2.2)
  - RATreeView (0.0.4)
  - SDWebImage (3.5.2):
    - SDWebImage/Core
  - SDWebImage/Core (3.5.2)
  - SVProgressHUD (1.0)
  - SWRevealViewController (1.1.1)
  - vfrReader (2.6.2)

DEPENDENCIES:
  - AFNetworking
  - CTAssetsPickerController (~> 1.5.0)
  - LDProgressView (= 1.1)
  - MagicalRecord
  - RATreeView (= 0.0.4)
  - SDWebImage
  - SVProgressHUD (= 1.0)
  - SWRevealViewController
  - vfrReader

SPEC CHECKSUMS:
  AFNetworking: c7d7901a83f631414c7eda1737261f696101a5cd
  CTAssetsPickerController: bb78e88095a9a56eae2e0b3e66c61c0401d031d5
  LDProgressView: 6cf4c56e2455efe2c2fd924b2d0c5e69d3709d19
  MagicalRecord: 95d49d74ef752cd52f6ad87bcb474817fc3978cf
  RATreeView: a23fcec38f7cd5e17f5ed0c03ed2a04187e3b6bf
  SDWebImage: fe7ce01ae4e0a884d168f59c9dd82d35baf8429e
  SVProgressHUD: 5e10939a296debf5fe5a5895eda9539b8b2114f1
  SWRevealViewController: de412df00a42c2f90fde7f300de05c29e0cb7bf3
  vfrReader: b6b005af559b8430dad01120f00fb341bdc8a420

COCOAPODS: 0.27.1
